
Microsoft Visual Studio Solution File, Format Version 12.00
# Visual Studio 2013
VisualStudioVersion = 12.0.31101.0
MinimumVisualStudioVersion = 10.0.40219.1
Project("{8BC9CEB8-8B4A-11D0-8D11-00A0C91BC942}") = "DObject", "DObject\DObject.vcxproj", "{AE9D17C2-45E9-462E-A3AA-05B2EFDED99E}"
EndProject
Project("{8BC9CEB8-8B4A-11D0-8D11-00A0C91BC942}") = "Outils", "Outils\Outils.vcxproj", "{407D9119-86DD-4CE1-8E3D-37A00BCD3849}"
EndProject
Project("{8BC9CEB8-8B4A-11D0-8D11-00A0C91BC942}") = "SQLite", "SQLite\SQLite.vcxproj", "{F9BF2EC1-C5E7-43D8-944D-DC5E2DF1F976}"
EndProject
Project("{8BC9CEB8-8B4A-11D0-8D11-00A0C91BC942}") = "RcReader", "RcReader\RcReader.vcxproj", "{966A6830-49CF-43C3-8FAD-D8BF4A6054CC}"
EndProject
Global
	GlobalSection(SolutionConfigurationPlatforms) = preSolution
		Debug|Win32 = Debug|Win32
		Release|Win32 = Release|Win32
	EndGlobalSection
	GlobalSection(ProjectConfigurationPlatforms) = postSolution
		{AE9D17C2-45E9-462E-A3AA-05B2EFDED99E}.Debug|Win32.ActiveCfg = Debug|Win32
		{AE9D17C2-45E9-462E-A3AA-05B2EFDED99E}.Debug|Win32.Build.0 = Debug|Win32
		{AE9D17C2-45E9-462E-A3AA-05B2EFDED99E}.Release|Win32.ActiveCfg = Release|Win32
		{AE9D17C2-45E9-462E-A3AA-05B2EFDED99E}.Release|Win32.Build.0 = Release|Win32
		{407D9119-86DD-4CE1-8E3D-37A00BCD3849}.Debug|Win32.ActiveCfg = Debug|Win32
		{407D9119-86DD-4CE1-8E3D-37A00BCD3849}.Debug|Win32.Build.0 = Debug|Win32
		{407D9119-86DD-4CE1-8E3D-37A00BCD3849}.Release|Win32.ActiveCfg = Release|Win32
		{407D9119-86DD-4CE1-8E3D-37A00BCD3849}.Release|Win32.Build.0 = Release|Win32
		{F9BF2EC1-C5E7-43D8-944D-DC5E2DF1F976}.Debug|Win32.ActiveCfg = Debug|Win32
		{F9BF2EC1-C5E7-43D8-944D-DC5E2DF1F976}.Debug|Win32.Build.0 = Debug|Win32
		{F9BF2EC1-C5E7-43D8-944D-DC5E2DF1F976}.Release|Win32.ActiveCfg = Release|Win32
		{F9BF2EC1-C5E7-43D8-944D-DC5E2DF1F976}.Release|Win32.Build.0 = Release|Win32
		{966A6830-49CF-43C3-8FAD-D8BF4A6054CC}.Debug|Win32.ActiveCfg = Debug|Win32
		{966A6830-49CF-43C3-8FAD-D8BF4A6054CC}.Debug|Win32.Build.0 = Debug|Win32
		{966A6830-49CF-43C3-8FAD-D8BF4A6054CC}.Release|Win32.ActiveCfg = Release|Win32
		{966A6830-49CF-43C3-8FAD-D8BF4A6054CC}.Release|Win32.Build.0 = Release|Win32
	EndGlobalSection
	GlobalSection(SolutionProperties) = preSolution
		HideSolutionNode = FALSE
	EndGlobalSection
EndGlobal
