<?xml version="1.0" encoding="utf-8"?>
<Project ToolsVersion="4.0" xmlns="http://schemas.microsoft.com/developer/msbuild/2003">
  <ItemGroup>
    <ClInclude Include="include\Outils\NotificationClientRegistry.h" />
    <ClInclude Include="include\Outils\SafeSingletonHolder.h" />
    <ClInclude Include="include\Outils\static_check.h" />
    <ClInclude Include="include\Outils\StringTools.h" />
    <ClInclude Include="include\Outils\TypeManip.h" />
    <ClInclude Include="include\Outils\StreamSupport.h">
      <Filter>VariantStream</Filter>
    </ClInclude>
    <ClInclude Include="include\Outils\Stream.h">
      <Filter>VariantStream</Filter>
    </ClInclude>
    <ClInclude Include="include\Outils\VariantStream.h">
      <Filter>VariantStream</Filter>
    </ClInclude>
  </ItemGroup>
  <ItemGroup>
    <Filter Include="VariantStream">
      <UniqueIdentifier>{f81c5707-a430-478e-88a6-4187a9e657e9}</UniqueIdentifier>
    </Filter>
  </ItemGroup>
</Project>