<?xml version="1.0" encoding="utf-8"?>
<Project ToolsVersion="4.0" xmlns="http://schemas.microsoft.com/developer/msbuild/2003">
  <ItemGroup>
    <ClInclude Include="..\inc\Outils\TypeManip.h">
      <Filter>include</Filter>
    </ClInclude>
    <ClInclude Include="..\inc\Outils\NotificationClientRegistry.h">
      <Filter>include</Filter>
    </ClInclude>
    <ClInclude Include="..\inc\Outils\SafeSingletonHolder.h">
      <Filter>include</Filter>
    </ClInclude>
    <ClInclude Include="..\inc\Outils\static_check.h">
      <Filter>include</Filter>
    </ClInclude>
  </ItemGroup>
  <ItemGroup>
    <Filter Include="include">
      <UniqueIdentifier>{b2b455be-b47b-4a34-bc2f-81a0cb4ad70a}</UniqueIdentifier>
    </Filter>
  </ItemGroup>
</Project>