<?xml version="1.0" encoding="utf-8"?>
<Project ToolsVersion="4.0" xmlns="http://schemas.microsoft.com/developer/msbuild/2003">
  <ItemGroup>
    <Filter Include="SQLite3">
      <UniqueIdentifier>{4d38b5fe-c169-47cb-ab40-117bfd270370}</UniqueIdentifier>
    </Filter>
    <Filter Include="SQLiteCpp">
      <UniqueIdentifier>{8e10cf33-d14d-4ddc-b118-75f33403dc28}</UniqueIdentifier>
    </Filter>
  </ItemGroup>
  <ItemGroup>
    <ClInclude Include="include\sqlite3\sqlite3.h">
      <Filter>SQLite3</Filter>
    </ClInclude>
    <ClInclude Include="include\SQLiteCpp\Assertion.h">
      <Filter>SQLiteCpp</Filter>
    </ClInclude>
    <ClInclude Include="include\SQLiteCpp\Column.h">
      <Filter>SQLiteCpp</Filter>
    </ClInclude>
    <ClInclude Include="include\SQLiteCpp\Database.h">
      <Filter>SQLiteCpp</Filter>
    </ClInclude>
    <ClInclude Include="include\SQLiteCpp\Exception.h">
      <Filter>SQLiteCpp</Filter>
    </ClInclude>
    <ClInclude Include="include\SQLiteCpp\SQLiteCpp.h">
      <Filter>SQLiteCpp</Filter>
    </ClInclude>
    <ClInclude Include="include\SQLiteCpp\Statement.h">
      <Filter>SQLiteCpp</Filter>
    </ClInclude>
    <ClInclude Include="include\SQLiteCpp\Transaction.h">
      <Filter>SQLiteCpp</Filter>
    </ClInclude>
    <ClInclude Include="include\SQLite\TransactionEx.h">
      <Filter>SQLiteCpp</Filter>
    </ClInclude>
    <ClInclude Include="include\SQLite\SQLiteSource.h" />
  </ItemGroup>
  <ItemGroup>
    <ClCompile Include="src\sqlite3\sqlite3.c">
      <Filter>SQLite3</Filter>
    </ClCompile>
    <ClCompile Include="src\SQLiteCpp\Column.cpp">
      <Filter>SQLiteCpp</Filter>
    </ClCompile>
    <ClCompile Include="src\SQLiteCpp\Database.cpp">
      <Filter>SQLiteCpp</Filter>
    </ClCompile>
    <ClCompile Include="src\SQLiteCpp\Statement.cpp">
      <Filter>SQLiteCpp</Filter>
    </ClCompile>
    <ClCompile Include="src\SQLiteCpp\Transaction.cpp">
      <Filter>SQLiteCpp</Filter>
    </ClCompile>
    <ClCompile Include="src\SQLite\TransactionEx.cpp">
      <Filter>SQLiteCpp</Filter>
    </ClCompile>
    <ClCompile Include="src\SQLite\SQLiteSource.cpp" />
  </ItemGroup>
</Project>